// !$*UTF8*$!
{
	archiveVersion = 1;
	classes = {
	};
	objectVersion = 56;
	objects = {

/* Begin PBXBuildFile section */
		12A408BF2C19B82100A4CC6F /* FloatingView.swift in Sources */ = {isa = PBXBuildFile; fileRef = 12A408BE2C19B82100A4CC6F /* FloatingView.swift */; };
		12A408C22C19D5D600A4CC6F /* KeyboardShortcuts in Frameworks */ = {isa = PBXBuildFile; productRef = 12A408C12C19D5D600A4CC6F /* KeyboardShortcuts */; };
		12A408C42C19D67000A4CC6F /* SettingScreen.swift in Sources */ = {isa = PBXBuildFile; fileRef = 12A408C32C19D67000A4CC6F /* SettingScreen.swift */; };
		12B47ACD2C0D7C08006CE527 /* gemApp.swift in Sources */ = {isa = PBXBuildFile; fileRef = 12B47ACC2C0D7C08006CE527 /* gemApp.swift */; };
		12B47ACF2C0D7C08006CE527 /* ContentView.swift in Sources */ = {isa = PBXBuildFile; fileRef = 12B47ACE2C0D7C08006CE527 /* ContentView.swift */; };
		12B47AD12C0D7C0A006CE527 /* Assets.xcassets in Resources */ = {isa = PBXBuildFile; fileRef = 12B47AD02C0D7C0A006CE527 /* Assets.xcassets */; };
		12B47AD42C0D7C0A006CE527 /* Preview Assets.xcassets in Resources */ = {isa = PBXBuildFile; fileRef = 12B47AD32C0D7C0A006CE527 /* Preview Assets.xcassets */; };
		12B47ADF2C0D7C0A006CE527 /* gemTests.swift in Sources */ = {isa = PBXBuildFile; fileRef = 12B47ADE2C0D7C0A006CE527 /* gemTests.swift */; };
		12B47AE92C0D7C0A006CE527 /* gemUITests.swift in Sources */ = {isa = PBXBuildFile; fileRef = 12B47AE82C0D7C0A006CE527 /* gemUITests.swift */; };
		12B47AEB2C0D7C0A006CE527 /* gemUITestsLaunchTests.swift in Sources */ = {isa = PBXBuildFile; fileRef = 12B47AEA2C0D7C0A006CE527 /* gemUITestsLaunchTests.swift */; };
		12B47AF92C0D7CD8006CE527 /* DSFQuickActionBar in Frameworks */ = {isa = PBXBuildFile; productRef = 12B47AF82C0D7CD8006CE527 /* DSFQuickActionBar */; };
		12B47B002C0DB682006CE527 /* InputField.swift in Sources */ = {isa = PBXBuildFile; fileRef = 12B47AFF2C0DB682006CE527 /* InputField.swift */; };
		12B47B022C0DB6A7006CE527 /* BlurBackground.swift in Sources */ = {isa = PBXBuildFile; fileRef = 12B47B012C0DB6A7006CE527 /* BlurBackground.swift */; };
		12B47B042C0DB6D1006CE527 /* FloatingPanel.swift in Sources */ = {isa = PBXBuildFile; fileRef = 12B47B032C0DB6D1006CE527 /* FloatingPanel.swift */; };
		12B47B072C0DBE17006CE527 /* GoogleGenerativeAI in Frameworks */ = {isa = PBXBuildFile; productRef = 12B47B062C0DBE17006CE527 /* GoogleGenerativeAI */; };
		12B47B0A2C0DBE8C006CE527 /* AI.plist in Resources */ = {isa = PBXBuildFile; fileRef = 12B47B092C0DBE8C006CE527 /* AI.plist */; };
		12B47B0D2C0DBEDD006CE527 /* key.swift in Sources */ = {isa = PBXBuildFile; fileRef = 12B47B0C2C0DBEDD006CE527 /* key.swift */; };
		12B47B102C0DD7FA006CE527 /* MarkdownUI in Frameworks */ = {isa = PBXBuildFile; productRef = 12B47B0F2C0DD7FA006CE527 /* MarkdownUI */; };
/* End PBXBuildFile section */

/* Begin PBXContainerItemProxy section */
		12B47ADB2C0D7C0A006CE527 /* PBXContainerItemProxy */ = {
			isa = PBXContainerItemProxy;
			containerPortal = 12B47AC12C0D7C08006CE527 /* Project object */;
			proxyType = 1;
			remoteGlobalIDString = 12B47AC82C0D7C08006CE527;
			remoteInfo = gem;
		};
		12B47AE52C0D7C0A006CE527 /* PBXContainerItemProxy */ = {
			isa = PBXContainerItemProxy;
			containerPortal = 12B47AC12C0D7C08006CE527 /* Project object */;
			proxyType = 1;
			remoteGlobalIDString = 12B47AC82C0D7C08006CE527;
			remoteInfo = gem;
		};
/* End PBXContainerItemProxy section */

/* Begin PBXFileReference section */
		12A408BE2C19B82100A4CC6F /* FloatingView.swift */ = {isa = PBXFileReference; lastKnownFileType = sourcecode.swift; path = FloatingView.swift; sourceTree = "<group>"; };
		12A408C32C19D67000A4CC6F /* SettingScreen.swift */ = {isa = PBXFileReference; lastKnownFileType = sourcecode.swift; path = SettingScreen.swift; sourceTree = "<group>"; };
		12B47AC92C0D7C08006CE527 /* gem.app */ = {isa = PBXFileReference; explicitFileType = wrapper.application; includeInIndex = 0; path = gem.app; sourceTree = BUILT_PRODUCTS_DIR; };
		12B47ACC2C0D7C08006CE527 /* gemApp.swift */ = {isa = PBXFileReference; lastKnownFileType = sourcecode.swift; path = gemApp.swift; sourceTree = "<group>"; };
		12B47ACE2C0D7C08006CE527 /* ContentView.swift */ = {isa = PBXFileReference; lastKnownFileType = sourcecode.swift; path = ContentView.swift; sourceTree = "<group>"; };
		12B47AD02C0D7C0A006CE527 /* Assets.xcassets */ = {isa = PBXFileReference; lastKnownFileType = folder.assetcatalog; path = Assets.xcassets; sourceTree = "<group>"; };
		12B47AD32C0D7C0A006CE527 /* Preview Assets.xcassets */ = {isa = PBXFileReference; lastKnownFileType = folder.assetcatalog; path = "Preview Assets.xcassets"; sourceTree = "<group>"; };
		12B47AD52C0D7C0A006CE527 /* gem.entitlements */ = {isa = PBXFileReference; lastKnownFileType = text.plist.entitlements; path = gem.entitlements; sourceTree = "<group>"; };
		12B47ADA2C0D7C0A006CE527 /* gemTests.xctest */ = {isa = PBXFileReference; explicitFileType = wrapper.cfbundle; includeInIndex = 0; path = gemTests.xctest; sourceTree = BUILT_PRODUCTS_DIR; };
		12B47ADE2C0D7C0A006CE527 /* gemTests.swift */ = {isa = PBXFileReference; lastKnownFileType = sourcecode.swift; path = gemTests.swift; sourceTree = "<group>"; };
		12B47AE42C0D7C0A006CE527 /* gemUITests.xctest */ = {isa = PBXFileReference; explicitFileType = wrapper.cfbundle; includeInIndex = 0; path = gemUITests.xctest; sourceTree = BUILT_PRODUCTS_DIR; };
		12B47AE82C0D7C0A006CE527 /* gemUITests.swift */ = {isa = PBXFileReference; lastKnownFileType = sourcecode.swift; path = gemUITests.swift; sourceTree = "<group>"; };
		12B47AEA2C0D7C0A006CE527 /* gemUITestsLaunchTests.swift */ = {isa = PBXFileReference; lastKnownFileType = sourcecode.swift; path = gemUITestsLaunchTests.swift; sourceTree = "<group>"; };
		12B47AFF2C0DB682006CE527 /* InputField.swift */ = {isa = PBXFileReference; lastKnownFileType = sourcecode.swift; path = InputField.swift; sourceTree = "<group>"; };
		12B47B012C0DB6A7006CE527 /* BlurBackground.swift */ = {isa = PBXFileReference; lastKnownFileType = sourcecode.swift; path = BlurBackground.swift; sourceTree = "<group>"; };
		12B47B032C0DB6D1006CE527 /* FloatingPanel.swift */ = {isa = PBXFileReference; lastKnownFileType = sourcecode.swift; path = FloatingPanel.swift; sourceTree = "<group>"; };
		12B47B092C0DBE8C006CE527 /* AI.plist */ = {isa = PBXFileReference; lastKnownFileType = text.plist.xml; path = AI.plist; sourceTree = "<group>"; };
		12B47B0C2C0DBEDD006CE527 /* key.swift */ = {isa = PBXFileReference; lastKnownFileType = sourcecode.swift; path = key.swift; sourceTree = "<group>"; };
/* End PBXFileReference section */

/* Begin PBXFrameworksBuildPhase section */
		12B47AC62C0D7C08006CE527 /* Frameworks */ = {
			isa = PBXFrameworksBuildPhase;
			buildActionMask = 2147483647;
			files = (
				12B47B102C0DD7FA006CE527 /* MarkdownUI in Frameworks */,
				12A408C22C19D5D600A4CC6F /* KeyboardShortcuts in Frameworks */,
				12B47AF92C0D7CD8006CE527 /* DSFQuickActionBar in Frameworks */,
				12B47B072C0DBE17006CE527 /* GoogleGenerativeAI in Frameworks */,
			);
			runOnlyForDeploymentPostprocessing = 0;
		};
		12B47AD72C0D7C0A006CE527 /* Frameworks */ = {
			isa = PBXFrameworksBuildPhase;
			buildActionMask = 2147483647;
			files = (
			);
			runOnlyForDeploymentPostprocessing = 0;
		};
		12B47AE12C0D7C0A006CE527 /* Frameworks */ = {
			isa = PBXFrameworksBuildPhase;
			buildActionMask = 2147483647;
			files = (
			);
			runOnlyForDeploymentPostprocessing = 0;
		};
/* End PBXFrameworksBuildPhase section */

/* Begin PBXGroup section */
		12B47AC02C0D7C08006CE527 = {
			isa = PBXGroup;
			children = (
				12B47ACB2C0D7C08006CE527 /* gem */,
				12B47ADD2C0D7C0A006CE527 /* gemTests */,
				12B47AE72C0D7C0A006CE527 /* gemUITests */,
				12B47ACA2C0D7C08006CE527 /* Products */,
			);
			sourceTree = "<group>";
		};
		12B47ACA2C0D7C08006CE527 /* Products */ = {
			isa = PBXGroup;
			children = (
				12B47AC92C0D7C08006CE527 /* gem.app */,
				12B47ADA2C0D7C0A006CE527 /* gemTests.xctest */,
				12B47AE42C0D7C0A006CE527 /* gemUITests.xctest */,
			);
			name = Products;
			sourceTree = "<group>";
		};
		12B47ACB2C0D7C08006CE527 /* gem */ = {
			isa = PBXGroup;
			children = (
				12B47B0B2C0DBED3006CE527 /* utils */,
				12B47AFC2C0DB664006CE527 /* components */,
				12B47ACC2C0D7C08006CE527 /* gemApp.swift */,
				12A408C32C19D67000A4CC6F /* SettingScreen.swift */,
				12A408BE2C19B82100A4CC6F /* FloatingView.swift */,
				12B47ACE2C0D7C08006CE527 /* ContentView.swift */,
				12B47AD02C0D7C0A006CE527 /* Assets.xcassets */,
				12B47AD52C0D7C0A006CE527 /* gem.entitlements */,
				12B47AD22C0D7C0A006CE527 /* Preview Content */,
				12B47B092C0DBE8C006CE527 /* AI.plist */,
			);
			path = gem;
			sourceTree = "<group>";
		};
		12B47AD22C0D7C0A006CE527 /* Preview Content */ = {
			isa = PBXGroup;
			children = (
				12B47AD32C0D7C0A006CE527 /* Preview Assets.xcassets */,
			);
			path = "Preview Content";
			sourceTree = "<group>";
		};
		12B47ADD2C0D7C0A006CE527 /* gemTests */ = {
			isa = PBXGroup;
			children = (
				12B47ADE2C0D7C0A006CE527 /* gemTests.swift */,
			);
			path = gemTests;
			sourceTree = "<group>";
		};
		12B47AE72C0D7C0A006CE527 /* gemUITests */ = {
			isa = PBXGroup;
			children = (
				12B47AE82C0D7C0A006CE527 /* gemUITests.swift */,
				12B47AEA2C0D7C0A006CE527 /* gemUITestsLaunchTests.swift */,
			);
			path = gemUITests;
			sourceTree = "<group>";
		};
		12B47AFC2C0DB664006CE527 /* components */ = {
			isa = PBXGroup;
			children = (
				12B47AFF2C0DB682006CE527 /* InputField.swift */,
				12B47B012C0DB6A7006CE527 /* BlurBackground.swift */,
				12B47B032C0DB6D1006CE527 /* FloatingPanel.swift */,
			);
			path = components;
			sourceTree = "<group>";
		};
		12B47B0B2C0DBED3006CE527 /* utils */ = {
			isa = PBXGroup;
			children = (
				12B47B0C2C0DBEDD006CE527 /* key.swift */,
			);
			path = utils;
			sourceTree = "<group>";
		};
/* End PBXGroup section */

/* Begin PBXNativeTarget section */
		12B47AC82C0D7C08006CE527 /* gem */ = {
			isa = PBXNativeTarget;
			buildConfigurationList = 12B47AEE2C0D7C0A006CE527 /* Build configuration list for PBXNativeTarget "gem" */;
			buildPhases = (
				12B47AC52C0D7C08006CE527 /* Sources */,
				12B47AC62C0D7C08006CE527 /* Frameworks */,
				12B47AC72C0D7C08006CE527 /* Resources */,
			);
			buildRules = (
			);
			dependencies = (
			);
			name = gem;
			packageProductDependencies = (
				12B47AF82C0D7CD8006CE527 /* DSFQuickActionBar */,
				12B47B062C0DBE17006CE527 /* GoogleGenerativeAI */,
				12B47B0F2C0DD7FA006CE527 /* MarkdownUI */,
				12A408C12C19D5D600A4CC6F /* KeyboardShortcuts */,
			);
			productName = gem;
			productReference = 12B47AC92C0D7C08006CE527 /* gem.app */;
			productType = "com.apple.product-type.application";
		};
		12B47AD92C0D7C0A006CE527 /* gemTests */ = {
			isa = PBXNativeTarget;
			buildConfigurationList = 12B47AF12C0D7C0A006CE527 /* Build configuration list for PBXNativeTarget "gemTests" */;
			buildPhases = (
				12B47AD62C0D7C0A006CE527 /* Sources */,
				12B47AD72C0D7C0A006CE527 /* Frameworks */,
				12B47AD82C0D7C0A006CE527 /* Resources */,
			);
			buildRules = (
			);
			dependencies = (
				12B47ADC2C0D7C0A006CE527 /* PBXTargetDependency */,
			);
			name = gemTests;
			productName = gemTests;
			productReference = 12B47ADA2C0D7C0A006CE527 /* gemTests.xctest */;
			productType = "com.apple.product-type.bundle.unit-test";
		};
		12B47AE32C0D7C0A006CE527 /* gemUITests */ = {
			isa = PBXNativeTarget;
			buildConfigurationList = 12B47AF42C0D7C0A006CE527 /* Build configuration list for PBXNativeTarget "gemUITests" */;
			buildPhases = (
				12B47AE02C0D7C0A006CE527 /* Sources */,
				12B47AE12C0D7C0A006CE527 /* Frameworks */,
				12B47AE22C0D7C0A006CE527 /* Resources */,
			);
			buildRules = (
			);
			dependencies = (
				12B47AE62C0D7C0A006CE527 /* PBXTargetDependency */,
			);
			name = gemUITests;
			productName = gemUITests;
			productReference = 12B47AE42C0D7C0A006CE527 /* gemUITests.xctest */;
			productType = "com.apple.product-type.bundle.ui-testing";
		};
/* End PBXNativeTarget section */

/* Begin PBXProject section */
		12B47AC12C0D7C08006CE527 /* Project object */ = {
			isa = PBXProject;
			attributes = {
				BuildIndependentTargetsInParallel = 1;
				LastSwiftUpdateCheck = 1540;
				LastUpgradeCheck = 1540;
				TargetAttributes = {
					12B47AC82C0D7C08006CE527 = {
						CreatedOnToolsVersion = 15.4;
					};
					12B47AD92C0D7C0A006CE527 = {
						CreatedOnToolsVersion = 15.4;
						TestTargetID = 12B47AC82C0D7C08006CE527;
					};
					12B47AE32C0D7C0A006CE527 = {
						CreatedOnToolsVersion = 15.4;
						TestTargetID = 12B47AC82C0D7C08006CE527;
					};
				};
			};
			buildConfigurationList = 12B47AC42C0D7C08006CE527 /* Build configuration list for PBXProject "gem" */;
			compatibilityVersion = "Xcode 14.0";
			developmentRegion = en;
			hasScannedForEncodings = 0;
			knownRegions = (
				en,
				Base,
			);
			mainGroup = 12B47AC02C0D7C08006CE527;
			packageReferences = (
				12B47AF72C0D7CD8006CE527 /* XCRemoteSwiftPackageReference "DSFQuickActionBar" */,
				12B47B052C0DBE17006CE527 /* XCRemoteSwiftPackageReference "generative-ai-swift" */,
				12B47B0E2C0DD7FA006CE527 /* XCRemoteSwiftPackageReference "swift-markdown-ui" */,
				12A408C02C19D5D600A4CC6F /* XCRemoteSwiftPackageReference "KeyboardShortcuts" */,
			);
			productRefGroup = 12B47ACA2C0D7C08006CE527 /* Products */;
			projectDirPath = "";
			projectRoot = "";
			targets = (
				12B47AC82C0D7C08006CE527 /* gem */,
				12B47AD92C0D7C0A006CE527 /* gemTests */,
				12B47AE32C0D7C0A006CE527 /* gemUITests */,
			);
		};
/* End PBXProject section */

/* Begin PBXResourcesBuildPhase section */
		12B47AC72C0D7C08006CE527 /* Resources */ = {
			isa = PBXResourcesBuildPhase;
			buildActionMask = 2147483647;
			files = (
				12B47AD42C0D7C0A006CE527 /* Preview Assets.xcassets in Resources */,
				12B47B0A2C0DBE8C006CE527 /* AI.plist in Resources */,
				12B47AD12C0D7C0A006CE527 /* Assets.xcassets in Resources */,
			);
			runOnlyForDeploymentPostprocessing = 0;
		};
		12B47AD82C0D7C0A006CE527 /* Resources */ = {
			isa = PBXResourcesBuildPhase;
			buildActionMask = 2147483647;
			files = (
			);
			runOnlyForDeploymentPostprocessing = 0;
		};
		12B47AE22C0D7C0A006CE527 /* Resources */ = {
			isa = PBXResourcesBuildPhase;
			buildActionMask = 2147483647;
			files = (
			);
			runOnlyForDeploymentPostprocessing = 0;
		};
/* End PBXResourcesBuildPhase section */

/* Begin PBXSourcesBuildPhase section */
		12B47AC52C0D7C08006CE527 /* Sources */ = {
			isa = PBXSourcesBuildPhase;
			buildActionMask = 2147483647;
			files = (
				12B47B022C0DB6A7006CE527 /* BlurBackground.swift in Sources */,
				12B47B0D2C0DBEDD006CE527 /* key.swift in Sources */,
				12A408BF2C19B82100A4CC6F /* FloatingView.swift in Sources */,
				12B47B042C0DB6D1006CE527 /* FloatingPanel.swift in Sources */,
				12A408C42C19D67000A4CC6F /* SettingScreen.swift in Sources */,
				12B47ACF2C0D7C08006CE527 /* ContentView.swift in Sources */,
				12B47ACD2C0D7C08006CE527 /* gemApp.swift in Sources */,
				12B47B002C0DB682006CE527 /* InputField.swift in Sources */,
			);
			runOnlyForDeploymentPostprocessing = 0;
		};
		12B47AD62C0D7C0A006CE527 /* Sources */ = {
			isa = PBXSourcesBuildPhase;
			buildActionMask = 2147483647;
			files = (
				12B47ADF2C0D7C0A006CE527 /* gemTests.swift in Sources */,
			);
			runOnlyForDeploymentPostprocessing = 0;
		};
		12B47AE02C0D7C0A006CE527 /* Sources */ = {
			isa = PBXSourcesBuildPhase;
			buildActionMask = 2147483647;
			files = (
				12B47AEB2C0D7C0A006CE527 /* gemUITestsLaunchTests.swift in Sources */,
				12B47AE92C0D7C0A006CE527 /* gemUITests.swift in Sources */,
			);
			runOnlyForDeploymentPostprocessing = 0;
		};
/* End PBXSourcesBuildPhase section */

/* Begin PBXTargetDependency section */
		12B47ADC2C0D7C0A006CE527 /* PBXTargetDependency */ = {
			isa = PBXTargetDependency;
			target = 12B47AC82C0D7C08006CE527 /* gem */;
			targetProxy = 12B47ADB2C0D7C0A006CE527 /* PBXContainerItemProxy */;
		};
		12B47AE62C0D7C0A006CE527 /* PBXTargetDependency */ = {
			isa = PBXTargetDependency;
			target = 12B47AC82C0D7C08006CE527 /* gem */;
			targetProxy = 12B47AE52C0D7C0A006CE527 /* PBXContainerItemProxy */;
		};
/* End PBXTargetDependency section */

/* Begin XCBuildConfiguration section */
		12B47AEC2C0D7C0A006CE527 /* Debug */ = {
			isa = XCBuildConfiguration;
			buildSettings = {
				ALWAYS_SEARCH_USER_PATHS = NO;
				ASSETCATALOG_COMPILER_GENERATE_SWIFT_ASSET_SYMBOL_EXTENSIONS = YES;
				CLANG_ANALYZER_NONNULL = YES;
				CLANG_ANALYZER_NUMBER_OBJECT_CONVERSION = YES_AGGRESSIVE;
				CLANG_CXX_LANGUAGE_STANDARD = "gnu++20";
				CLANG_ENABLE_MODULES = YES;
				CLANG_ENABLE_OBJC_ARC = YES;
				CLANG_ENABLE_OBJC_WEAK = YES;
				CLANG_WARN_BLOCK_CAPTURE_AUTORELEASING = YES;
				CLANG_WARN_BOOL_CONVERSION = YES;
				CLANG_WARN_COMMA = YES;
				CLANG_WARN_CONSTANT_CONVERSION = YES;
				CLANG_WARN_DEPRECATED_OBJC_IMPLEMENTATIONS = YES;
				CLANG_WARN_DIRECT_OBJC_ISA_USAGE = YES_ERROR;
				CLANG_WARN_DOCUMENTATION_COMMENTS = YES;
				CLANG_WARN_EMPTY_BODY = YES;
				CLANG_WARN_ENUM_CONVERSION = YES;
				CLANG_WARN_INFINITE_RECURSION = YES;
				CLANG_WARN_INT_CONVERSION = YES;
				CLANG_WARN_NON_LITERAL_NULL_CONVERSION = YES;
				CLANG_WARN_OBJC_IMPLICIT_RETAIN_SELF = YES;
				CLANG_WARN_OBJC_LITERAL_CONVERSION = YES;
				CLANG_WARN_OBJC_ROOT_CLASS = YES_ERROR;
				CLANG_WARN_QUOTED_INCLUDE_IN_FRAMEWORK_HEADER = YES;
				CLANG_WARN_RANGE_LOOP_ANALYSIS = YES;
				CLANG_WARN_STRICT_PROTOTYPES = YES;
				CLANG_WARN_SUSPICIOUS_MOVE = YES;
				CLANG_WARN_UNGUARDED_AVAILABILITY = YES_AGGRESSIVE;
				CLANG_WARN_UNREACHABLE_CODE = YES;
				CLANG_WARN__DUPLICATE_METHOD_MATCH = YES;
				COPY_PHASE_STRIP = NO;
				DEBUG_INFORMATION_FORMAT = dwarf;
				ENABLE_STRICT_OBJC_MSGSEND = YES;
				ENABLE_TESTABILITY = YES;
				ENABLE_USER_SCRIPT_SANDBOXING = YES;
				GCC_C_LANGUAGE_STANDARD = gnu17;
				GCC_DYNAMIC_NO_PIC = NO;
				GCC_NO_COMMON_BLOCKS = YES;
				GCC_OPTIMIZATION_LEVEL = 0;
				GCC_PREPROCESSOR_DEFINITIONS = (
					"DEBUG=1",
					"$(inherited)",
				);
				GCC_WARN_64_TO_32_BIT_CONVERSION = YES;
				GCC_WARN_ABOUT_RETURN_TYPE = YES_ERROR;
				GCC_WARN_UNDECLARED_SELECTOR = YES;
				GCC_WARN_UNINITIALIZED_AUTOS = YES_AGGRESSIVE;
				GCC_WARN_UNUSED_FUNCTION = YES;
				GCC_WARN_UNUSED_VARIABLE = YES;
				LOCALIZATION_PREFERS_STRING_CATALOGS = YES;
				MACOSX_DEPLOYMENT_TARGET = 14.5;
				MTL_ENABLE_DEBUG_INFO = INCLUDE_SOURCE;
				MTL_FAST_MATH = YES;
				ONLY_ACTIVE_ARCH = YES;
				SDKROOT = macosx;
				SWIFT_ACTIVE_COMPILATION_CONDITIONS = "DEBUG $(inherited)";
				SWIFT_OPTIMIZATION_LEVEL = "-Onone";
			};
			name = Debug;
		};
		12B47AED2C0D7C0A006CE527 /* Release */ = {
			isa = XCBuildConfiguration;
			buildSettings = {
				ALWAYS_SEARCH_USER_PATHS = NO;
				ASSETCATALOG_COMPILER_GENERATE_SWIFT_ASSET_SYMBOL_EXTENSIONS = YES;
				CLANG_ANALYZER_NONNULL = YES;
				CLANG_ANALYZER_NUMBER_OBJECT_CONVERSION = YES_AGGRESSIVE;
				CLANG_CXX_LANGUAGE_STANDARD = "gnu++20";
				CLANG_ENABLE_MODULES = YES;
				CLANG_ENABLE_OBJC_ARC = YES;
				CLANG_ENABLE_OBJC_WEAK = YES;
				CLANG_WARN_BLOCK_CAPTURE_AUTORELEASING = YES;
				CLANG_WARN_BOOL_CONVERSION = YES;
				CLANG_WARN_COMMA = YES;
				CLANG_WARN_CONSTANT_CONVERSION = YES;
				CLANG_WARN_DEPRECATED_OBJC_IMPLEMENTATIONS = YES;
				CLANG_WARN_DIRECT_OBJC_ISA_USAGE = YES_ERROR;
				CLANG_WARN_DOCUMENTATION_COMMENTS = YES;
				CLANG_WARN_EMPTY_BODY = YES;
				CLANG_WARN_ENUM_CONVERSION = YES;
				CLANG_WARN_INFINITE_RECURSION = YES;
				CLANG_WARN_INT_CONVERSION = YES;
				CLANG_WARN_NON_LITERAL_NULL_CONVERSION = YES;
				CLANG_WARN_OBJC_IMPLICIT_RETAIN_SELF = YES;
				CLANG_WARN_OBJC_LITERAL_CONVERSION = YES;
				CLANG_WARN_OBJC_ROOT_CLASS = YES_ERROR;
				CLANG_WARN_QUOTED_INCLUDE_IN_FRAMEWORK_HEADER = YES;
				CLANG_WARN_RANGE_LOOP_ANALYSIS = YES;
				CLANG_WARN_STRICT_PROTOTYPES = YES;
				CLANG_WARN_SUSPICIOUS_MOVE = YES;
				CLANG_WARN_UNGUARDED_AVAILABILITY = YES_AGGRESSIVE;
				CLANG_WARN_UNREACHABLE_CODE = YES;
				CLANG_WARN__DUPLICATE_METHOD_MATCH = YES;
				COPY_PHASE_STRIP = NO;
				DEBUG_INFORMATION_FORMAT = "dwarf-with-dsym";
				ENABLE_NS_ASSERTIONS = NO;
				ENABLE_STRICT_OBJC_MSGSEND = YES;
				ENABLE_USER_SCRIPT_SANDBOXING = YES;
				GCC_C_LANGUAGE_STANDARD = gnu17;
				GCC_NO_COMMON_BLOCKS = YES;
				GCC_WARN_64_TO_32_BIT_CONVERSION = YES;
				GCC_WARN_ABOUT_RETURN_TYPE = YES_ERROR;
				GCC_WARN_UNDECLARED_SELECTOR = YES;
				GCC_WARN_UNINITIALIZED_AUTOS = YES_AGGRESSIVE;
				GCC_WARN_UNUSED_FUNCTION = YES;
				GCC_WARN_UNUSED_VARIABLE = YES;
				LOCALIZATION_PREFERS_STRING_CATALOGS = YES;
				MACOSX_DEPLOYMENT_TARGET = 14.5;
				MTL_ENABLE_DEBUG_INFO = NO;
				MTL_FAST_MATH = YES;
				SDKROOT = macosx;
				SWIFT_COMPILATION_MODE = wholemodule;
			};
			name = Release;
		};
		12B47AEF2C0D7C0A006CE527 /* Debug */ = {
			isa = XCBuildConfiguration;
			buildSettings = {
				ASSETCATALOG_COMPILER_APPICON_NAME = AppIcon;
				ASSETCATALOG_COMPILER_GLOBAL_ACCENT_COLOR_NAME = AccentColor;
				CODE_SIGN_ENTITLEMENTS = gem/gem.entitlements;
				CODE_SIGN_STYLE = Automatic;
				COMBINE_HIDPI_IMAGES = YES;
				CURRENT_PROJECT_VERSION = 1;
				DEVELOPMENT_ASSET_PATHS = "\"gem/Preview Content\"";
				ENABLE_PREVIEWS = YES;
				GENERATE_INFOPLIST_FILE = YES;
				INFOPLIST_KEY_NSHumanReadableCopyright = "";
				LD_RUNPATH_SEARCH_PATHS = (
					"$(inherited)",
					"@executable_path/../Frameworks",
				);
				MARKETING_VERSION = 1.0;
				PRODUCT_BUNDLE_IDENTIFIER = com.rahuletto.gem;
				PRODUCT_NAME = "$(TARGET_NAME)";
				SWIFT_EMIT_LOC_STRINGS = YES;
				SWIFT_VERSION = 5.0;
			};
			name = Debug;
		};
		12B47AF02C0D7C0A006CE527 /* Release */ = {
			isa = XCBuildConfiguration;
			buildSettings = {
				ASSETCATALOG_COMPILER_APPICON_NAME = AppIcon;
				ASSETCATALOG_COMPILER_GLOBAL_ACCENT_COLOR_NAME = AccentColor;
				CODE_SIGN_ENTITLEMENTS = gem/gem.entitlements;
				CODE_SIGN_STYLE = Automatic;
				COMBINE_HIDPI_IMAGES = YES;
				CURRENT_PROJECT_VERSION = 1;
				DEVELOPMENT_ASSET_PATHS = "\"gem/Preview Content\"";
				ENABLE_PREVIEWS = YES;
				GENERATE_INFOPLIST_FILE = YES;
				INFOPLIST_KEY_NSHumanReadableCopyright = "";
				LD_RUNPATH_SEARCH_PATHS = (
					"$(inherited)",
					"@executable_path/../Frameworks",
				);
				MARKETING_VERSION = 1.0;
				PRODUCT_BUNDLE_IDENTIFIER = com.rahuletto.gem;
				PRODUCT_NAME = "$(TARGET_NAME)";
				SWIFT_EMIT_LOC_STRINGS = YES;
				SWIFT_VERSION = 5.0;
			};
			name = Release;
		};
		12B47AF22C0D7C0A006CE527 /* Debug */ = {
			isa = XCBuildConfiguration;
			buildSettings = {
				ALWAYS_EMBED_SWIFT_STANDARD_LIBRARIES = YES;
				BUNDLE_LOADER = "$(TEST_HOST)";
				CODE_SIGN_STYLE = Automatic;
				CURRENT_PROJECT_VERSION = 1;
				GENERATE_INFOPLIST_FILE = YES;
				MACOSX_DEPLOYMENT_TARGET = 14.5;
				MARKETING_VERSION = 1.0;
				PRODUCT_BUNDLE_IDENTIFIER = com.rahuletto.gemTests;
				PRODUCT_NAME = "$(TARGET_NAME)";
				SWIFT_EMIT_LOC_STRINGS = NO;
				SWIFT_VERSION = 5.0;
				TEST_HOST = "$(BUILT_PRODUCTS_DIR)/gem.app/$(BUNDLE_EXECUTABLE_FOLDER_PATH)/gem";
			};
			name = Debug;
		};
		12B47AF32C0D7C0A006CE527 /* Release */ = {
			isa = XCBuildConfiguration;
			buildSettings = {
				ALWAYS_EMBED_SWIFT_STANDARD_LIBRARIES = YES;
				BUNDLE_LOADER = "$(TEST_HOST)";
				CODE_SIGN_STYLE = Automatic;
				CURRENT_PROJECT_VERSION = 1;
				GENERATE_INFOPLIST_FILE = YES;
				MACOSX_DEPLOYMENT_TARGET = 14.5;
				MARKETING_VERSION = 1.0;
				PRODUCT_BUNDLE_IDENTIFIER = com.rahuletto.gemTests;
				PRODUCT_NAME = "$(TARGET_NAME)";
				SWIFT_EMIT_LOC_STRINGS = NO;
				SWIFT_VERSION = 5.0;
				TEST_HOST = "$(BUILT_PRODUCTS_DIR)/gem.app/$(BUNDLE_EXECUTABLE_FOLDER_PATH)/gem";
			};
			name = Release;
		};
		12B47AF52C0D7C0A006CE527 /* Debug */ = {
			isa = XCBuildConfiguration;
			buildSettings = {
				ALWAYS_EMBED_SWIFT_STANDARD_LIBRARIES = YES;
				CODE_SIGN_STYLE = Automatic;
				CURRENT_PROJECT_VERSION = 1;
				GENERATE_INFOPLIST_FILE = YES;
				MARKETING_VERSION = 1.0;
				PRODUCT_BUNDLE_IDENTIFIER = com.rahuletto.gemUITests;
				PRODUCT_NAME = "$(TARGET_NAME)";
				SWIFT_EMIT_LOC_STRINGS = NO;
				SWIFT_VERSION = 5.0;
				TEST_TARGET_NAME = gem;
			};
			name = Debug;
		};
		12B47AF62C0D7C0A006CE527 /* Release */ = {
			isa = XCBuildConfiguration;
			buildSettings = {
				ALWAYS_EMBED_SWIFT_STANDARD_LIBRARIES = YES;
				CODE_SIGN_STYLE = Automatic;
				CURRENT_PROJECT_VERSION = 1;
				GENERATE_INFOPLIST_FILE = YES;
				MARKETING_VERSION = 1.0;
				PRODUCT_BUNDLE_IDENTIFIER = com.rahuletto.gemUITests;
				PRODUCT_NAME = "$(TARGET_NAME)";
				SWIFT_EMIT_LOC_STRINGS = NO;
				SWIFT_VERSION = 5.0;
				TEST_TARGET_NAME = gem;
			};
			name = Release;
		};
/* End XCBuildConfiguration section */

/* Begin XCConfigurationList section */
		12B47AC42C0D7C08006CE527 /* Build configuration list for PBXProject "gem" */ = {
			isa = XCConfigurationList;
			buildConfigurations = (
				12B47AEC2C0D7C0A006CE527 /* Debug */,
				12B47AED2C0D7C0A006CE527 /* Release */,
			);
			defaultConfigurationIsVisible = 0;
			defaultConfigurationName = Release;
		};
		12B47AEE2C0D7C0A006CE527 /* Build configuration list for PBXNativeTarget "gem" */ = {
			isa = XCConfigurationList;
			buildConfigurations = (
				12B47AEF2C0D7C0A006CE527 /* Debug */,
				12B47AF02C0D7C0A006CE527 /* Release */,
			);
			defaultConfigurationIsVisible = 0;
			defaultConfigurationName = Release;
		};
		12B47AF12C0D7C0A006CE527 /* Build configuration list for PBXNativeTarget "gemTests" */ = {
			isa = XCConfigurationList;
			buildConfigurations = (
				12B47AF22C0D7C0A006CE527 /* Debug */,
				12B47AF32C0D7C0A006CE527 /* Release */,
			);
			defaultConfigurationIsVisible = 0;
			defaultConfigurationName = Release;
		};
		12B47AF42C0D7C0A006CE527 /* Build configuration list for PBXNativeTarget "gemUITests" */ = {
			isa = XCConfigurationList;
			buildConfigurations = (
				12B47AF52C0D7C0A006CE527 /* Debug */,
				12B47AF62C0D7C0A006CE527 /* Release */,
			);
			defaultConfigurationIsVisible = 0;
			defaultConfigurationName = Release;
		};
/* End XCConfigurationList section */

/* Begin XCRemoteSwiftPackageReference section */
		12A408C02C19D5D600A4CC6F /* XCRemoteSwiftPackageReference "KeyboardShortcuts" */ = {
			isa = XCRemoteSwiftPackageReference;
			repositoryURL = "https://github.com/sindresorhus/KeyboardShortcuts";
			requirement = {
				kind = upToNextMajorVersion;
				minimumVersion = 2.0.1;
			};
		};
		12B47AF72C0D7CD8006CE527 /* XCRemoteSwiftPackageReference "DSFQuickActionBar" */ = {
			isa = XCRemoteSwiftPackageReference;
			repositoryURL = "https://github.com/dagronf/DSFQuickActionBar?tab=readme-ov-file";
			requirement = {
				kind = upToNextMajorVersion;
				minimumVersion = 6.1.1;
			};
		};
		12B47B052C0DBE17006CE527 /* XCRemoteSwiftPackageReference "generative-ai-swift" */ = {
			isa = XCRemoteSwiftPackageReference;
			repositoryURL = "https://github.com/google/generative-ai-swift";
			requirement = {
				kind = upToNextMajorVersion;
				minimumVersion = 0.5.4;
			};
		};
		12B47B0E2C0DD7FA006CE527 /* XCRemoteSwiftPackageReference "swift-markdown-ui" */ = {
			isa = XCRemoteSwiftPackageReference;
			repositoryURL = "https://github.com/gonzalezreal/swift-markdown-ui";
			requirement = {
				kind = upToNextMajorVersion;
				minimumVersion = 2.3.0;
			};
		};
/* End XCRemoteSwiftPackageReference section */

/* Begin XCSwiftPackageProductDependency section */
		12A408C12C19D5D600A4CC6F /* KeyboardShortcuts */ = {
			isa = XCSwiftPackageProductDependency;
			package = 12A408C02C19D5D600A4CC6F /* XCRemoteSwiftPackageReference "KeyboardShortcuts" */;
			productName = KeyboardShortcuts;
		};
		12B47AF82C0D7CD8006CE527 /* DSFQuickActionBar */ = {
			isa = XCSwiftPackageProductDependency;
			package = 12B47AF72C0D7CD8006CE527 /* XCRemoteSwiftPackageReference "DSFQuickActionBar" */;
			productName = DSFQuickActionBar;
		};
		12B47B062C0DBE17006CE527 /* GoogleGenerativeAI */ = {
			isa = XCSwiftPackageProductDependency;
			package = 12B47B052C0DBE17006CE527 /* XCRemoteSwiftPackageReference "generative-ai-swift" */;
			productName = GoogleGenerativeAI;
		};
		12B47B0F2C0DD7FA006CE527 /* MarkdownUI */ = {
			isa = XCSwiftPackageProductDependency;
			package = 12B47B0E2C0DD7FA006CE527 /* XCRemoteSwiftPackageReference "swift-markdown-ui" */;
			productName = MarkdownUI;
		};
/* End XCSwiftPackageProductDependency section */
	};
	rootObject = 12B47AC12C0D7C08006CE527 /* Project object */;
}
